
Microsoft Visual Studio Solution File, Format Version 12.00
# Visual Studio Version 17
VisualStudioVersion = 17.3.32901.215
MinimumVisualStudioVersion = 10.0.40219.1
Project("{FAE04EC0-301F-11D3-BF4B-00C04F79EFBC}") = "P6_1_1214066", "P6_1_1214066\P6_1_1214066.csproj", "{83543EFC-B150-4D46-87EB-A976467C5EAD}"
EndProject
Global
	GlobalSection(SolutionConfigurationPlatforms) = preSolution
		Debug|Any CPU = Debug|Any CPU
		Release|Any CPU = Release|Any CPU
	EndGlobalSection
	GlobalSection(ProjectConfigurationPlatforms) = postSolution
		{83543EFC-B150-4D46-87EB-A976467C5EAD}.Debug|Any CPU.ActiveCfg = Debug|Any CPU
		{83543EFC-B150-4D46-87EB-A976467C5EAD}.Debug|Any CPU.Build.0 = Debug|Any CPU
		{83543EFC-B150-4D46-87EB-A976467C5EAD}.Release|Any CPU.ActiveCfg = Release|Any CPU
		{83543EFC-B150-4D46-87EB-A976467C5EAD}.Release|Any CPU.Build.0 = Release|Any CPU
	EndGlobalSection
	GlobalSection(SolutionProperties) = preSolution
		HideSolutionNode = FALSE
	EndGlobalSection
	GlobalSection(ExtensibilityGlobals) = postSolution
		SolutionGuid = {DEAC23B1-A71F-45AE-BC35-FDE73067627C}
	EndGlobalSection
EndGlobal
